// !$*UTF8*$!
{
	archiveVersion = 1;
	classes = {
	};
	objectVersion = 50;
	objects = {

/* Begin PBXBuildFile section */
		5FF0F24CDC757C528E308C0F /* Pods_Todoey.framework in Frameworks */ = {isa = PBXBuildFile; fileRef = 1B15C10566A923C6632517CA /* Pods_Todoey.framework */; };
		D0A26E1D21514BB0001050A8 /* CategoryViewController.swift in Sources */ = {isa = PBXBuildFile; fileRef = D0A26E1C21514BB0001050A8 /* CategoryViewController.swift */; };
		D0A5DDE3214B9D5500CC02D7 /* AppDelegate.swift in Sources */ = {isa = PBXBuildFile; fileRef = D0A5DDE2214B9D5500CC02D7 /* AppDelegate.swift */; };
		D0A5DDE5214B9D5500CC02D7 /*  TodoListViewController.swift in Sources */ = {isa = PBXBuildFile; fileRef = D0A5DDE4214B9D5500CC02D7 /*  TodoListViewController.swift */; };
		D0A5DDE8214B9D5500CC02D7 /* Main.storyboard in Resources */ = {isa = PBXBuildFile; fileRef = D0A5DDE6214B9D5500CC02D7 /* Main.storyboard */; };
		D0A5DDEA214B9D5600CC02D7 /* Assets.xcassets in Resources */ = {isa = PBXBuildFile; fileRef = D0A5DDE9214B9D5600CC02D7 /* Assets.xcassets */; };
		D0A5DDED214B9D5600CC02D7 /* LaunchScreen.storyboard in Resources */ = {isa = PBXBuildFile; fileRef = D0A5DDEB214B9D5600CC02D7 /* LaunchScreen.storyboard */; };
		D0B7EAFF21527426003D41A2 /* Item.swift in Sources */ = {isa = PBXBuildFile; fileRef = D0B7EAFE21527426003D41A2 /* Item.swift */; };
		D0B7EB0121527438003D41A2 /* Category.swift in Sources */ = {isa = PBXBuildFile; fileRef = D0B7EB0021527437003D41A2 /* Category.swift */; };
		D0F4A698215A371200535392 /* SwipeTableViewController.swift in Sources */ = {isa = PBXBuildFile; fileRef = D0F4A697215A371200535392 /* SwipeTableViewController.swift */; };
/* End PBXBuildFile section */

/* Begin PBXFileReference section */
		1B15C10566A923C6632517CA /* Pods_Todoey.framework */ = {isa = PBXFileReference; explicitFileType = wrapper.framework; includeInIndex = 0; path = Pods_Todoey.framework; sourceTree = BUILT_PRODUCTS_DIR; };
		6E9728369615F9E2958FFB51 /* Pods-Todoey.release.xcconfig */ = {isa = PBXFileReference; includeInIndex = 1; lastKnownFileType = text.xcconfig; name = "Pods-Todoey.release.xcconfig"; path = "Pods/Target Support Files/Pods-Todoey/Pods-Todoey.release.xcconfig"; sourceTree = "<group>"; };
		B2ED2B686A1EDC2D633E5FF2 /* Pods-Todoey.debug.xcconfig */ = {isa = PBXFileReference; includeInIndex = 1; lastKnownFileType = text.xcconfig; name = "Pods-Todoey.debug.xcconfig"; path = "Pods/Target Support Files/Pods-Todoey/Pods-Todoey.debug.xcconfig"; sourceTree = "<group>"; };
		D0A26E1C21514BB0001050A8 /* CategoryViewController.swift */ = {isa = PBXFileReference; lastKnownFileType = sourcecode.swift; path = CategoryViewController.swift; sourceTree = "<group>"; };
		D0A5DDDF214B9D5500CC02D7 /* Todoey.app */ = {isa = PBXFileReference; explicitFileType = wrapper.application; includeInIndex = 0; path = Todoey.app; sourceTree = BUILT_PRODUCTS_DIR; };
		D0A5DDE2214B9D5500CC02D7 /* AppDelegate.swift */ = {isa = PBXFileReference; lastKnownFileType = sourcecode.swift; path = AppDelegate.swift; sourceTree = "<group>"; };
		D0A5DDE4214B9D5500CC02D7 /*  TodoListViewController.swift */ = {isa = PBXFileReference; lastKnownFileType = sourcecode.swift; path = " TodoListViewController.swift"; sourceTree = "<group>"; };
		D0A5DDE7214B9D5500CC02D7 /* Base */ = {isa = PBXFileReference; lastKnownFileType = file.storyboard; name = Base; path = Base.lproj/Main.storyboard; sourceTree = "<group>"; };
		D0A5DDE9214B9D5600CC02D7 /* Assets.xcassets */ = {isa = PBXFileReference; lastKnownFileType = folder.assetcatalog; path = Assets.xcassets; sourceTree = "<group>"; };
		D0A5DDEC214B9D5600CC02D7 /* Base */ = {isa = PBXFileReference; lastKnownFileType = file.storyboard; name = Base; path = Base.lproj/LaunchScreen.storyboard; sourceTree = "<group>"; };
		D0A5DDEE214B9D5600CC02D7 /* Info.plist */ = {isa = PBXFileReference; lastKnownFileType = text.plist.xml; path = Info.plist; sourceTree = "<group>"; };
		D0B7EAFE21527426003D41A2 /* Item.swift */ = {isa = PBXFileReference; lastKnownFileType = sourcecode.swift; path = Item.swift; sourceTree = "<group>"; };
		D0B7EB0021527437003D41A2 /* Category.swift */ = {isa = PBXFileReference; lastKnownFileType = sourcecode.swift; path = Category.swift; sourceTree = "<group>"; };
		D0F4A697215A371200535392 /* SwipeTableViewController.swift */ = {isa = PBXFileReference; lastKnownFileType = sourcecode.swift; path = SwipeTableViewController.swift; sourceTree = "<group>"; };
/* End PBXFileReference section */

/* Begin PBXFrameworksBuildPhase section */
		D0A5DDDC214B9D5500CC02D7 /* Frameworks */ = {
			isa = PBXFrameworksBuildPhase;
			buildActionMask = 2147483647;
			files = (
				5FF0F24CDC757C528E308C0F /* Pods_Todoey.framework in Frameworks */,
			);
			runOnlyForDeploymentPostprocessing = 0;
		};
/* End PBXFrameworksBuildPhase section */

/* Begin PBXGroup section */
		5C5211BBE50125435104D76A /* Pods */ = {
			isa = PBXGroup;
			children = (
				B2ED2B686A1EDC2D633E5FF2 /* Pods-Todoey.debug.xcconfig */,
				6E9728369615F9E2958FFB51 /* Pods-Todoey.release.xcconfig */,
			);
			name = Pods;
			sourceTree = "<group>";
		};
		9693D91D817686F5333211E3 /* Frameworks */ = {
			isa = PBXGroup;
			children = (
				1B15C10566A923C6632517CA /* Pods_Todoey.framework */,
			);
			name = Frameworks;
			sourceTree = "<group>";
		};
		D0689ED4214F9E6500F611F2 /* Data Model */ = {
			isa = PBXGroup;
			children = (
				D0B7EB0021527437003D41A2 /* Category.swift */,
				D0B7EAFE21527426003D41A2 /* Item.swift */,
			);
			path = "Data Model";
			sourceTree = "<group>";
		};
		D0689ED5214F9E9600F611F2 /* Views */ = {
			isa = PBXGroup;
			children = (
				D0A5DDE6214B9D5500CC02D7 /* Main.storyboard */,
			);
			path = Views;
			sourceTree = "<group>";
		};
		D0689ED6214F9EB300F611F2 /* Controllers */ = {
			isa = PBXGroup;
			children = (
				D0A26E1C21514BB0001050A8 /* CategoryViewController.swift */,
				D0A5DDE4214B9D5500CC02D7 /*  TodoListViewController.swift */,
				D0F4A697215A371200535392 /* SwipeTableViewController.swift */,
			);
			name = Controllers;
			path = "New Group";
			sourceTree = "<group>";
		};
		D0689ED7214F9F0200F611F2 /* Supporting Files */ = {
			isa = PBXGroup;
			children = (
				D0A5DDE9214B9D5600CC02D7 /* Assets.xcassets */,
				D0A5DDEB214B9D5600CC02D7 /* LaunchScreen.storyboard */,
			);
			path = "Supporting Files";
			sourceTree = "<group>";
		};
		D0A5DDD6214B9D5500CC02D7 = {
			isa = PBXGroup;
			children = (
				D0A5DDE1214B9D5500CC02D7 /* Todoey */,
				D0A5DDE0214B9D5500CC02D7 /* Products */,
				5C5211BBE50125435104D76A /* Pods */,
				9693D91D817686F5333211E3 /* Frameworks */,
			);
			sourceTree = "<group>";
		};
		D0A5DDE0214B9D5500CC02D7 /* Products */ = {
			isa = PBXGroup;
			children = (
				D0A5DDDF214B9D5500CC02D7 /* Todoey.app */,
			);
			name = Products;
			sourceTree = "<group>";
		};
		D0A5DDE1214B9D5500CC02D7 /* Todoey */ = {
			isa = PBXGroup;
			children = (
				D0A5DDE2214B9D5500CC02D7 /* AppDelegate.swift */,
				D0689ED6214F9EB300F611F2 /* Controllers */,
				D0689ED5214F9E9600F611F2 /* Views */,
				D0689ED4214F9E6500F611F2 /* Data Model */,
				D0689ED7214F9F0200F611F2 /* Supporting Files */,
				D0A5DDEE214B9D5600CC02D7 /* Info.plist */,
			);
			path = Todoey;
			sourceTree = "<group>";
		};
/* End PBXGroup section */

/* Begin PBXNativeTarget section */
		D0A5DDDE214B9D5500CC02D7 /* Todoey */ = {
			isa = PBXNativeTarget;
			buildConfigurationList = D0A5DDF1214B9D5600CC02D7 /* Build configuration list for PBXNativeTarget "Todoey" */;
			buildPhases = (
				CAF112AA64B1A3AD99BC8552 /* [CP] Check Pods Manifest.lock */,
				D0A5DDDB214B9D5500CC02D7 /* Sources */,
				D0A5DDDC214B9D5500CC02D7 /* Frameworks */,
				D0A5DDDD214B9D5500CC02D7 /* Resources */,
				010A4318C365DE70170B9802 /* [CP] Embed Pods Frameworks */,
			);
			buildRules = (
			);
			dependencies = (
			);
			name = Todoey;
			productName = Todoey;
			productReference = D0A5DDDF214B9D5500CC02D7 /* Todoey.app */;
			productType = "com.apple.product-type.application";
		};
/* End PBXNativeTarget section */

/* Begin PBXProject section */
		D0A5DDD7214B9D5500CC02D7 /* Project object */ = {
			isa = PBXProject;
			attributes = {
				LastSwiftUpdateCheck = 1000;
				LastUpgradeCheck = 1000;
				ORGANIZATIONNAME = "Peter Buzek";
				TargetAttributes = {
					D0A5DDDE214B9D5500CC02D7 = {
						CreatedOnToolsVersion = 10.0;
					};
				};
			};
			buildConfigurationList = D0A5DDDA214B9D5500CC02D7 /* Build configuration list for PBXProject "Todoey" */;
			compatibilityVersion = "Xcode 9.3";
			developmentRegion = en;
			hasScannedForEncodings = 0;
			knownRegions = (
				en,
				Base,
			);
			mainGroup = D0A5DDD6214B9D5500CC02D7;
			productRefGroup = D0A5DDE0214B9D5500CC02D7 /* Products */;
			projectDirPath = "";
			projectRoot = "";
			targets = (
				D0A5DDDE214B9D5500CC02D7 /* Todoey */,
			);
		};
/* End PBXProject section */

/* Begin PBXResourcesBuildPhase section */
		D0A5DDDD214B9D5500CC02D7 /* Resources */ = {
			isa = PBXResourcesBuildPhase;
			buildActionMask = 2147483647;
			files = (
				D0A5DDED214B9D5600CC02D7 /* LaunchScreen.storyboard in Resources */,
				D0A5DDEA214B9D5600CC02D7 /* Assets.xcassets in Resources */,
				D0A5DDE8214B9D5500CC02D7 /* Main.storyboard in Resources */,
			);
			runOnlyForDeploymentPostprocessing = 0;
		};
/* End PBXResourcesBuildPhase section */

/* Begin PBXShellScriptBuildPhase section */
		010A4318C365DE70170B9802 /* [CP] Embed Pods Frameworks */ = {
			isa = PBXShellScriptBuildPhase;
			buildActionMask = 2147483647;
			files = (
			);
			inputFileListPaths = (
			);
			inputPaths = (
				"${SRCROOT}/Pods/Target Support Files/Pods-Todoey/Pods-Todoey-frameworks.sh",
				"${BUILT_PRODUCTS_DIR}/Realm/Realm.framework",
				"${BUILT_PRODUCTS_DIR}/RealmSwift/RealmSwift.framework",
				"${BUILT_PRODUCTS_DIR}/SwipeCellKit/SwipeCellKit.framework",
			);
			name = "[CP] Embed Pods Frameworks";
			outputFileListPaths = (
			);
			outputPaths = (
				"${TARGET_BUILD_DIR}/${FRAMEWORKS_FOLDER_PATH}/Realm.framework",
				"${TARGET_BUILD_DIR}/${FRAMEWORKS_FOLDER_PATH}/RealmSwift.framework",
				"${TARGET_BUILD_DIR}/${FRAMEWORKS_FOLDER_PATH}/SwipeCellKit.framework",
			);
			runOnlyForDeploymentPostprocessing = 0;
			shellPath = /bin/sh;
			shellScript = "\"${SRCROOT}/Pods/Target Support Files/Pods-Todoey/Pods-Todoey-frameworks.sh\"\n";
			showEnvVarsInLog = 0;
		};
		CAF112AA64B1A3AD99BC8552 /* [CP] Check Pods Manifest.lock */ = {
			isa = PBXShellScriptBuildPhase;
			buildActionMask = 2147483647;
			files = (
			);
			inputFileListPaths = (
			);
			inputPaths = (
				"${PODS_PODFILE_DIR_PATH}/Podfile.lock",
				"${PODS_ROOT}/Manifest.lock",
			);
			name = "[CP] Check Pods Manifest.lock";
			outputFileListPaths = (
			);
			outputPaths = (
				"$(DERIVED_FILE_DIR)/Pods-Todoey-checkManifestLockResult.txt",
			);
			runOnlyForDeploymentPostprocessing = 0;
			shellPath = /bin/sh;
			shellScript = "diff \"${PODS_PODFILE_DIR_PATH}/Podfile.lock\" \"${PODS_ROOT}/Manifest.lock\" > /dev/null\nif [ $? != 0 ] ; then\n    # print error to STDERR\n    echo \"error: The sandbox is not in sync with the Podfile.lock. Run 'pod install' or update your CocoaPods installation.\" >&2\n    exit 1\nfi\n# This output is used by Xcode 'outputs' to avoid re-running this script phase.\necho \"SUCCESS\" > \"${SCRIPT_OUTPUT_FILE_0}\"\n";
			showEnvVarsInLog = 0;
		};
/* End PBXShellScriptBuildPhase section */

/* Begin PBXSourcesBuildPhase section */
		D0A5DDDB214B9D5500CC02D7 /* Sources */ = {
			isa = PBXSourcesBuildPhase;
			buildActionMask = 2147483647;
			files = (
				D0B7EAFF21527426003D41A2 /* Item.swift in Sources */,
				D0A26E1D21514BB0001050A8 /* CategoryViewController.swift in Sources */,
				D0A5DDE5214B9D5500CC02D7 /*  TodoListViewController.swift in Sources */,
				D0A5DDE3214B9D5500CC02D7 /* AppDelegate.swift in Sources */,
				D0F4A698215A371200535392 /* SwipeTableViewController.swift in Sources */,
				D0B7EB0121527438003D41A2 /* Category.swift in Sources */,
			);
			runOnlyForDeploymentPostprocessing = 0;
		};
/* End PBXSourcesBuildPhase section */

/* Begin PBXVariantGroup section */
		D0A5DDE6214B9D5500CC02D7 /* Main.storyboard */ = {
			isa = PBXVariantGroup;
			children = (
				D0A5DDE7214B9D5500CC02D7 /* Base */,
			);
			name = Main.storyboard;
			sourceTree = "<group>";
		};
		D0A5DDEB214B9D5600CC02D7 /* LaunchScreen.storyboard */ = {
			isa = PBXVariantGroup;
			children = (
				D0A5DDEC214B9D5600CC02D7 /* Base */,
			);
			name = LaunchScreen.storyboard;
			sourceTree = "<group>";
		};
/* End PBXVariantGroup section */

/* Begin XCBuildConfiguration section */
		D0A5DDEF214B9D5600CC02D7 /* Debug */ = {
			isa = XCBuildConfiguration;
			buildSettings = {
				ALWAYS_SEARCH_USER_PATHS = NO;
				CLANG_ANALYZER_NONNULL = YES;
				CLANG_ANALYZER_NUMBER_OBJECT_CONVERSION = YES_AGGRESSIVE;
				CLANG_CXX_LANGUAGE_STANDARD = "gnu++14";
				CLANG_CXX_LIBRARY = "libc++";
				CLANG_ENABLE_MODULES = YES;
				CLANG_ENABLE_OBJC_ARC = YES;
				CLANG_ENABLE_OBJC_WEAK = YES;
				CLANG_WARN_BLOCK_CAPTURE_AUTORELEASING = YES;
				CLANG_WARN_BOOL_CONVERSION = YES;
				CLANG_WARN_COMMA = YES;
				CLANG_WARN_CONSTANT_CONVERSION = YES;
				CLANG_WARN_DEPRECATED_OBJC_IMPLEMENTATIONS = YES;
				CLANG_WARN_DIRECT_OBJC_ISA_USAGE = YES_ERROR;
				CLANG_WARN_DOCUMENTATION_COMMENTS = YES;
				CLANG_WARN_EMPTY_BODY = YES;
				CLANG_WARN_ENUM_CONVERSION = YES;
				CLANG_WARN_INFINITE_RECURSION = YES;
				CLANG_WARN_INT_CONVERSION = YES;
				CLANG_WARN_NON_LITERAL_NULL_CONVERSION = YES;
				CLANG_WARN_OBJC_IMPLICIT_RETAIN_SELF = YES;
				CLANG_WARN_OBJC_LITERAL_CONVERSION = YES;
				CLANG_WARN_OBJC_ROOT_CLASS = YES_ERROR;
				CLANG_WARN_RANGE_LOOP_ANALYSIS = YES;
				CLANG_WARN_STRICT_PROTOTYPES = YES;
				CLANG_WARN_SUSPICIOUS_MOVE = YES;
				CLANG_WARN_UNGUARDED_AVAILABILITY = YES_AGGRESSIVE;
				CLANG_WARN_UNREACHABLE_CODE = YES;
				CLANG_WARN__DUPLICATE_METHOD_MATCH = YES;
				CODE_SIGN_IDENTITY = "iPhone Developer";
				COPY_PHASE_STRIP = NO;
				DEBUG_INFORMATION_FORMAT = dwarf;
				ENABLE_STRICT_OBJC_MSGSEND = YES;
				ENABLE_TESTABILITY = YES;
				GCC_C_LANGUAGE_STANDARD = gnu11;
				GCC_DYNAMIC_NO_PIC = NO;
				GCC_NO_COMMON_BLOCKS = YES;
				GCC_OPTIMIZATION_LEVEL = 0;
				GCC_PREPROCESSOR_DEFINITIONS = (
					"DEBUG=1",
					"$(inherited)",
				);
				GCC_WARN_64_TO_32_BIT_CONVERSION = YES;
				GCC_WARN_ABOUT_RETURN_TYPE = YES_ERROR;
				GCC_WARN_UNDECLARED_SELECTOR = YES;
				GCC_WARN_UNINITIALIZED_AUTOS = YES_AGGRESSIVE;
				GCC_WARN_UNUSED_FUNCTION = YES;
				GCC_WARN_UNUSED_VARIABLE = YES;
				IPHONEOS_DEPLOYMENT_TARGET = 12.0;
				MTL_ENABLE_DEBUG_INFO = INCLUDE_SOURCE;
				MTL_FAST_MATH = YES;
				ONLY_ACTIVE_ARCH = YES;
				SDKROOT = iphoneos;
				SWIFT_ACTIVE_COMPILATION_CONDITIONS = DEBUG;
				SWIFT_OPTIMIZATION_LEVEL = "-Onone";
			};
			name = Debug;
		};
		D0A5DDF0214B9D5600CC02D7 /* Release */ = {
			isa = XCBuildConfiguration;
			buildSettings = {
				ALWAYS_SEARCH_USER_PATHS = NO;
				CLANG_ANALYZER_NONNULL = YES;
				CLANG_ANALYZER_NUMBER_OBJECT_CONVERSION = YES_AGGRESSIVE;
				CLANG_CXX_LANGUAGE_STANDARD = "gnu++14";
				CLANG_CXX_LIBRARY = "libc++";
				CLANG_ENABLE_MODULES = YES;
				CLANG_ENABLE_OBJC_ARC = YES;
				CLANG_ENABLE_OBJC_WEAK = YES;
				CLANG_WARN_BLOCK_CAPTURE_AUTORELEASING = YES;
				CLANG_WARN_BOOL_CONVERSION = YES;
				CLANG_WARN_COMMA = YES;
				CLANG_WARN_CONSTANT_CONVERSION = YES;
				CLANG_WARN_DEPRECATED_OBJC_IMPLEMENTATIONS = YES;
				CLANG_WARN_DIRECT_OBJC_ISA_USAGE = YES_ERROR;
				CLANG_WARN_DOCUMENTATION_COMMENTS = YES;
				CLANG_WARN_EMPTY_BODY = YES;
				CLANG_WARN_ENUM_CONVERSION = YES;
				CLANG_WARN_INFINITE_RECURSION = YES;
				CLANG_WARN_INT_CONVERSION = YES;
				CLANG_WARN_NON_LITERAL_NULL_CONVERSION = YES;
				CLANG_WARN_OBJC_IMPLICIT_RETAIN_SELF = YES;
				CLANG_WARN_OBJC_LITERAL_CONVERSION = YES;
				CLANG_WARN_OBJC_ROOT_CLASS = YES_ERROR;
				CLANG_WARN_RANGE_LOOP_ANALYSIS = YES;
				CLANG_WARN_STRICT_PROTOTYPES = YES;
				CLANG_WARN_SUSPICIOUS_MOVE = YES;
				CLANG_WARN_UNGUARDED_AVAILABILITY = YES_AGGRESSIVE;
				CLANG_WARN_UNREACHABLE_CODE = YES;
				CLANG_WARN__DUPLICATE_METHOD_MATCH = YES;
				CODE_SIGN_IDENTITY = "iPhone Developer";
				COPY_PHASE_STRIP = NO;
				DEBUG_INFORMATION_FORMAT = "dwarf-with-dsym";
				ENABLE_NS_ASSERTIONS = NO;
				ENABLE_STRICT_OBJC_MSGSEND = YES;
				GCC_C_LANGUAGE_STANDARD = gnu11;
				GCC_NO_COMMON_BLOCKS = YES;
				GCC_WARN_64_TO_32_BIT_CONVERSION = YES;
				GCC_WARN_ABOUT_RETURN_TYPE = YES_ERROR;
				GCC_WARN_UNDECLARED_SELECTOR = YES;
				GCC_WARN_UNINITIALIZED_AUTOS = YES_AGGRESSIVE;
				GCC_WARN_UNUSED_FUNCTION = YES;
				GCC_WARN_UNUSED_VARIABLE = YES;
				IPHONEOS_DEPLOYMENT_TARGET = 12.0;
				MTL_ENABLE_DEBUG_INFO = NO;
				MTL_FAST_MATH = YES;
				SDKROOT = iphoneos;
				SWIFT_COMPILATION_MODE = wholemodule;
				SWIFT_OPTIMIZATION_LEVEL = "-O";
				VALIDATE_PRODUCT = YES;
			};
			name = Release;
		};
		D0A5DDF2214B9D5600CC02D7 /* Debug */ = {
			isa = XCBuildConfiguration;
			baseConfigurationReference = B2ED2B686A1EDC2D633E5FF2 /* Pods-Todoey.debug.xcconfig */;
			buildSettings = {
				ASSETCATALOG_COMPILER_APPICON_NAME = AppIcon;
				CODE_SIGN_STYLE = Automatic;
				DEVELOPMENT_TEAM = SJQ5BSVZ9W;
				INFOPLIST_FILE = Todoey/Info.plist;
				IPHONEOS_DEPLOYMENT_TARGET = 12.0;
				LD_RUNPATH_SEARCH_PATHS = (
					"$(inherited)",
					"@executable_path/Frameworks",
				);
				PRODUCT_BUNDLE_IDENTIFIER = com.pbking.Todoey;
				PRODUCT_NAME = "$(TARGET_NAME)";
				SWIFT_VERSION = 4.2;
				TARGETED_DEVICE_FAMILY = "1,2";
			};
			name = Debug;
		};
		D0A5DDF3214B9D5600CC02D7 /* Release */ = {
			isa = XCBuildConfiguration;
			baseConfigurationReference = 6E9728369615F9E2958FFB51 /* Pods-Todoey.release.xcconfig */;
			buildSettings = {
				ASSETCATALOG_COMPILER_APPICON_NAME = AppIcon;
				CODE_SIGN_STYLE = Automatic;
				DEVELOPMENT_TEAM = SJQ5BSVZ9W;
				INFOPLIST_FILE = Todoey/Info.plist;
				IPHONEOS_DEPLOYMENT_TARGET = 12.0;
				LD_RUNPATH_SEARCH_PATHS = (
					"$(inherited)",
					"@executable_path/Frameworks",
				);
				PRODUCT_BUNDLE_IDENTIFIER = com.pbking.Todoey;
				PRODUCT_NAME = "$(TARGET_NAME)";
				SWIFT_VERSION = 4.2;
				TARGETED_DEVICE_FAMILY = "1,2";
			};
			name = Release;
		};
/* End XCBuildConfiguration section */

/* Begin XCConfigurationList section */
		D0A5DDDA214B9D5500CC02D7 /* Build configuration list for PBXProject "Todoey" */ = {
			isa = XCConfigurationList;
			buildConfigurations = (
				D0A5DDEF214B9D5600CC02D7 /* Debug */,
				D0A5DDF0214B9D5600CC02D7 /* Release */,
			);
			defaultConfigurationIsVisible = 0;
			defaultConfigurationName = Release;
		};
		D0A5DDF1214B9D5600CC02D7 /* Build configuration list for PBXNativeTarget "Todoey" */ = {
			isa = XCConfigurationList;
			buildConfigurations = (
				D0A5DDF2214B9D5600CC02D7 /* Debug */,
				D0A5DDF3214B9D5600CC02D7 /* Release */,
			);
			defaultConfigurationIsVisible = 0;
			defaultConfigurationName = Release;
		};
/* End XCConfigurationList section */
	};
	rootObject = D0A5DDD7214B9D5500CC02D7 /* Project object */;
}
